# @generated by Move, please check-in and do not edit manually.

[move]
version = 2
manifest_digest = "249CC611FF862C9D304B7539EC824A2324C8AB3D682812E1209E150732BDF31A"
deps_digest = "F8BBB0CCB2491CA29A3DF03D6F92277A4F3574266507ACD77214D37ECA3F3082"
dependencies = [
  { name = "Sui" },
]

[[move.package]]
name = "MoveStdlib"
source = { git = "https://github.com/MystenLabs/sui.git", rev = "framework/testnet", subdir = "crates/sui-framework/packages/move-stdlib" }

[[move.package]]
name = "Sui"
source = { git = "https://github.com/MystenLabs/sui.git", rev = "framework/testnet", subdir = "crates/sui-framework/packages/sui-framework" }

dependencies = [
  { name = "MoveStdlib" },
]

[move.toolchain-version]
compiler-version = "1.29.0"
edition = "2024.beta"
flavor = "sui"

[env]

[env.testnet]
chain-id = "4c78adac"
original-published-id = "0x695fa0bd4395696074c4b9e8d2122e40664c0a78842c356095ed28ccdc04a802"
latest-published-id = "0x695fa0bd4395696074c4b9e8d2122e40664c0a78842c356095ed28ccdc04a802"
published-version = "1"
