# @generated by Move, please check-in and do not edit manually.

[move]
version = 0
manifest_digest = "AB2D2E5AA67BB973A9B18981C19EEE854EB287241664B364323C911C6F83449D"
deps_digest = "F8BBB0CCB2491CA29A3DF03D6F92277A4F3574266507ACD77214D37ECA3F3082"

dependencies = [
  { name = "Sui" },
]

[[move.package]]
name = "MoveStdlib"
source = { git = "https://github.com/MystenLabs/sui.git", rev = "framework/testnet", subdir = "crates/sui-framework/packages/move-stdlib" }

[[move.package]]
name = "Sui"
source = { git = "https://github.com/MystenLabs/sui.git", rev = "framework/testnet", subdir = "crates/sui-framework/packages/sui-framework" }

dependencies = [
  { name = "MoveStdlib" },
]

[move.toolchain-version]
compiler-version = "1.24.1"
edition = "legacy"
flavor = "sui"

[env]

[env.testnet]
chain-id = "4c78adac"
original-published-id = "0x5b790aefd3e3014da9a2e7ee381d130fa05c9e46f08f920f0c496b1e458f66a4"
latest-published-id = "0x5b790aefd3e3014da9a2e7ee381d130fa05c9e46f08f920f0c496b1e458f66a4"
published-version = "1"
